
Microsoft Visual Studio Solution File, Format Version 12.00
Project("{FAE04EC0-301F-11D3-BF4B-00C04F79EFBC}") = "Banjo.CLI", "Banjo.CLI\Banjo.CLI.csproj", "{6099F307-F04D-4843-A5F8-01C0D1EB6E05}"
EndProject
Project("{FAE04EC0-301F-11D3-BF4B-00C04F79EFBC}") = "Banjo.CLI.Tests", "Banjo.CLI.Tests\Banjo.CLI.Tests.csproj", "{DC0BA217-928D-42D2-BBAC-E825616A1F57}"
EndProject
Project("{FAE04EC0-301F-11D3-BF4B-00C04F79EFBC}") = "Banjo.CLI.IntegrationTests", "Banjo.CLI.IntegrationTests\Banjo.CLI.IntegrationTests.csproj", "{25DFB33E-A77A-4520-9316-3C023D7DD3BB}"
EndProject
Project("{FAE04EC0-301F-11D3-BF4B-00C04F79EFBC}") = "Banjo.CLI.TestSupport", "Banjo.CLI.TestSupport\Banjo.CLI.TestSupport.csproj", "{A3DDCA3C-FC5D-4BB2-A121-1C90703B2BD6}"
EndProject
Global
	GlobalSection(SolutionConfigurationPlatforms) = preSolution
		Debug|Any CPU = Debug|Any CPU
		Release|Any CPU = Release|Any CPU
	EndGlobalSection
	GlobalSection(ProjectConfigurationPlatforms) = postSolution
		{6099F307-F04D-4843-A5F8-01C0D1EB6E05}.Debug|Any CPU.ActiveCfg = Debug|Any CPU
		{6099F307-F04D-4843-A5F8-01C0D1EB6E05}.Debug|Any CPU.Build.0 = Debug|Any CPU
		{6099F307-F04D-4843-A5F8-01C0D1EB6E05}.Release|Any CPU.ActiveCfg = Release|Any CPU
		{6099F307-F04D-4843-A5F8-01C0D1EB6E05}.Release|Any CPU.Build.0 = Release|Any CPU
		{DC0BA217-928D-42D2-BBAC-E825616A1F57}.Debug|Any CPU.ActiveCfg = Debug|Any CPU
		{DC0BA217-928D-42D2-BBAC-E825616A1F57}.Debug|Any CPU.Build.0 = Debug|Any CPU
		{DC0BA217-928D-42D2-BBAC-E825616A1F57}.Release|Any CPU.ActiveCfg = Release|Any CPU
		{DC0BA217-928D-42D2-BBAC-E825616A1F57}.Release|Any CPU.Build.0 = Release|Any CPU
		{25DFB33E-A77A-4520-9316-3C023D7DD3BB}.Debug|Any CPU.ActiveCfg = Debug|Any CPU
		{25DFB33E-A77A-4520-9316-3C023D7DD3BB}.Debug|Any CPU.Build.0 = Debug|Any CPU
		{25DFB33E-A77A-4520-9316-3C023D7DD3BB}.Release|Any CPU.ActiveCfg = Release|Any CPU
		{25DFB33E-A77A-4520-9316-3C023D7DD3BB}.Release|Any CPU.Build.0 = Release|Any CPU
		{A3DDCA3C-FC5D-4BB2-A121-1C90703B2BD6}.Debug|Any CPU.ActiveCfg = Debug|Any CPU
		{A3DDCA3C-FC5D-4BB2-A121-1C90703B2BD6}.Debug|Any CPU.Build.0 = Debug|Any CPU
		{A3DDCA3C-FC5D-4BB2-A121-1C90703B2BD6}.Release|Any CPU.ActiveCfg = Release|Any CPU
		{A3DDCA3C-FC5D-4BB2-A121-1C90703B2BD6}.Release|Any CPU.Build.0 = Release|Any CPU
	EndGlobalSection
EndGlobal
